// !$*UTF8*$!
{
	archiveVersion = 1;
	classes = {
	};
	objectVersion = 50;
	objects = {

/* Begin PBXBuildFile section */
		97A92E142387ED5D0051C1ED /* AppDelegate.swift in Sources */ = {isa = PBXBuildFile; fileRef = 97A92E132387ED5D0051C1ED /* AppDelegate.swift */; };
		97A92E182387ED5D0051C1ED /* ViewController.swift in Sources */ = {isa = PBXBuildFile; fileRef = 97A92E172387ED5D0051C1ED /* ViewController.swift */; };
		97A92E1B2387ED5D0051C1ED /* Main.storyboard in Resources */ = {isa = PBXBuildFile; fileRef = 97A92E192387ED5D0051C1ED /* Main.storyboard */; };
		97A92E1D2387ED620051C1ED /* Assets.xcassets in Resources */ = {isa = PBXBuildFile; fileRef = 97A92E1C2387ED620051C1ED /* Assets.xcassets */; };
		97A92E202387ED620051C1ED /* LaunchScreen.storyboard in Resources */ = {isa = PBXBuildFile; fileRef = 97A92E1E2387ED620051C1ED /* LaunchScreen.storyboard */; };
		97E577FD2387F5DD00EBA422 /* AuthenticationErrors.swift in Sources */ = {isa = PBXBuildFile; fileRef = 97E577FB2387F5DD00EBA422 /* AuthenticationErrors.swift */; };
		97E577FE2387F5DD00EBA422 /* KSDeviceAuthenticator.swift in Sources */ = {isa = PBXBuildFile; fileRef = 97E577FC2387F5DD00EBA422 /* KSDeviceAuthenticator.swift */; };
		97E578002387F6E900EBA422 /* KSDeviceAuthenticationConstants.swift in Sources */ = {isa = PBXBuildFile; fileRef = 97E577FF2387F6E900EBA422 /* KSDeviceAuthenticationConstants.swift */; };
/* End PBXBuildFile section */

/* Begin PBXFileReference section */
		97A92E102387ED5D0051C1ED /* KSDeviceAuthentication.app */ = {isa = PBXFileReference; explicitFileType = wrapper.application; includeInIndex = 0; path = KSDeviceAuthentication.app; sourceTree = BUILT_PRODUCTS_DIR; };
		97A92E132387ED5D0051C1ED /* AppDelegate.swift */ = {isa = PBXFileReference; lastKnownFileType = sourcecode.swift; path = AppDelegate.swift; sourceTree = "<group>"; };
		97A92E172387ED5D0051C1ED /* ViewController.swift */ = {isa = PBXFileReference; lastKnownFileType = sourcecode.swift; path = ViewController.swift; sourceTree = "<group>"; };
		97A92E1A2387ED5D0051C1ED /* Base */ = {isa = PBXFileReference; lastKnownFileType = file.storyboard; name = Base; path = Base.lproj/Main.storyboard; sourceTree = "<group>"; };
		97A92E1C2387ED620051C1ED /* Assets.xcassets */ = {isa = PBXFileReference; lastKnownFileType = folder.assetcatalog; path = Assets.xcassets; sourceTree = "<group>"; };
		97A92E1F2387ED620051C1ED /* Base */ = {isa = PBXFileReference; lastKnownFileType = file.storyboard; name = Base; path = Base.lproj/LaunchScreen.storyboard; sourceTree = "<group>"; };
		97A92E212387ED620051C1ED /* Info.plist */ = {isa = PBXFileReference; lastKnownFileType = text.plist.xml; path = Info.plist; sourceTree = "<group>"; };
		97E577FB2387F5DD00EBA422 /* AuthenticationErrors.swift */ = {isa = PBXFileReference; fileEncoding = 4; lastKnownFileType = sourcecode.swift; path = AuthenticationErrors.swift; sourceTree = "<group>"; };
		97E577FC2387F5DD00EBA422 /* KSDeviceAuthenticator.swift */ = {isa = PBXFileReference; fileEncoding = 4; lastKnownFileType = sourcecode.swift; path = KSDeviceAuthenticator.swift; sourceTree = "<group>"; };
		97E577FF2387F6E900EBA422 /* KSDeviceAuthenticationConstants.swift */ = {isa = PBXFileReference; fileEncoding = 4; lastKnownFileType = sourcecode.swift; path = KSDeviceAuthenticationConstants.swift; sourceTree = "<group>"; };
/* End PBXFileReference section */

/* Begin PBXFrameworksBuildPhase section */
		97A92E0D2387ED5D0051C1ED /* Frameworks */ = {
			isa = PBXFrameworksBuildPhase;
			buildActionMask = 2147483647;
			files = (
			);
			runOnlyForDeploymentPostprocessing = 0;
		};
/* End PBXFrameworksBuildPhase section */

/* Begin PBXGroup section */
		97A92E072387ED5D0051C1ED = {
			isa = PBXGroup;
			children = (
				97A92E122387ED5D0051C1ED /* KSDeviceAuthentication */,
				97A92E112387ED5D0051C1ED /* Products */,
			);
			sourceTree = "<group>";
		};
		97A92E112387ED5D0051C1ED /* Products */ = {
			isa = PBXGroup;
			children = (
				97A92E102387ED5D0051C1ED /* KSDeviceAuthentication.app */,
			);
			name = Products;
			sourceTree = "<group>";
		};
		97A92E122387ED5D0051C1ED /* KSDeviceAuthentication */ = {
			isa = PBXGroup;
			children = (
				97A92E132387ED5D0051C1ED /* AppDelegate.swift */,
				97A92E172387ED5D0051C1ED /* ViewController.swift */,
				97A92E192387ED5D0051C1ED /* Main.storyboard */,
				97A92E1C2387ED620051C1ED /* Assets.xcassets */,
				97A92E272387EDAD0051C1ED /* Sources */,
				97A92E1E2387ED620051C1ED /* LaunchScreen.storyboard */,
				97A92E212387ED620051C1ED /* Info.plist */,
			);
			path = KSDeviceAuthentication;
			sourceTree = "<group>";
		};
		97A92E272387EDAD0051C1ED /* Sources */ = {
			isa = PBXGroup;
			children = (
				97E577FF2387F6E900EBA422 /* KSDeviceAuthenticationConstants.swift */,
				97E577FB2387F5DD00EBA422 /* AuthenticationErrors.swift */,
				97E577FC2387F5DD00EBA422 /* KSDeviceAuthenticator.swift */,
			);
			path = Sources;
			sourceTree = "<group>";
		};
/* End PBXGroup section */

/* Begin PBXNativeTarget section */
		97A92E0F2387ED5D0051C1ED /* KSDeviceAuthentication */ = {
			isa = PBXNativeTarget;
			buildConfigurationList = 97A92E242387ED620051C1ED /* Build configuration list for PBXNativeTarget "KSDeviceAuthentication" */;
			buildPhases = (
				97A92E0C2387ED5D0051C1ED /* Sources */,
				97A92E0D2387ED5D0051C1ED /* Frameworks */,
				97A92E0E2387ED5D0051C1ED /* Resources */,
			);
			buildRules = (
			);
			dependencies = (
			);
			name = KSDeviceAuthentication;
			productName = KSDeviceAuthentication;
			productReference = 97A92E102387ED5D0051C1ED /* KSDeviceAuthentication.app */;
			productType = "com.apple.product-type.application";
		};
/* End PBXNativeTarget section */

/* Begin PBXProject section */
		97A92E082387ED5D0051C1ED /* Project object */ = {
			isa = PBXProject;
			attributes = {
				LastSwiftUpdateCheck = 1120;
				LastUpgradeCheck = 1120;
				ORGANIZATIONNAME = "Kedar Sukerkar";
				TargetAttributes = {
					97A92E0F2387ED5D0051C1ED = {
						CreatedOnToolsVersion = 11.2.1;
					};
				};
			};
			buildConfigurationList = 97A92E0B2387ED5D0051C1ED /* Build configuration list for PBXProject "KSDeviceAuthentication" */;
			compatibilityVersion = "Xcode 9.3";
			developmentRegion = en;
			hasScannedForEncodings = 0;
			knownRegions = (
				en,
				Base,
			);
			mainGroup = 97A92E072387ED5D0051C1ED;
			productRefGroup = 97A92E112387ED5D0051C1ED /* Products */;
			projectDirPath = "";
			projectRoot = "";
			targets = (
				97A92E0F2387ED5D0051C1ED /* KSDeviceAuthentication */,
			);
		};
/* End PBXProject section */

/* Begin PBXResourcesBuildPhase section */
		97A92E0E2387ED5D0051C1ED /* Resources */ = {
			isa = PBXResourcesBuildPhase;
			buildActionMask = 2147483647;
			files = (
				97A92E202387ED620051C1ED /* LaunchScreen.storyboard in Resources */,
				97A92E1D2387ED620051C1ED /* Assets.xcassets in Resources */,
				97A92E1B2387ED5D0051C1ED /* Main.storyboard in Resources */,
			);
			runOnlyForDeploymentPostprocessing = 0;
		};
/* End PBXResourcesBuildPhase section */

/* Begin PBXSourcesBuildPhase section */
		97A92E0C2387ED5D0051C1ED /* Sources */ = {
			isa = PBXSourcesBuildPhase;
			buildActionMask = 2147483647;
			files = (
				97E578002387F6E900EBA422 /* KSDeviceAuthenticationConstants.swift in Sources */,
				97E577FE2387F5DD00EBA422 /* KSDeviceAuthenticator.swift in Sources */,
				97A92E182387ED5D0051C1ED /* ViewController.swift in Sources */,
				97E577FD2387F5DD00EBA422 /* AuthenticationErrors.swift in Sources */,
				97A92E142387ED5D0051C1ED /* AppDelegate.swift in Sources */,
			);
			runOnlyForDeploymentPostprocessing = 0;
		};
/* End PBXSourcesBuildPhase section */

/* Begin PBXVariantGroup section */
		97A92E192387ED5D0051C1ED /* Main.storyboard */ = {
			isa = PBXVariantGroup;
			children = (
				97A92E1A2387ED5D0051C1ED /* Base */,
			);
			name = Main.storyboard;
			sourceTree = "<group>";
		};
		97A92E1E2387ED620051C1ED /* LaunchScreen.storyboard */ = {
			isa = PBXVariantGroup;
			children = (
				97A92E1F2387ED620051C1ED /* Base */,
			);
			name = LaunchScreen.storyboard;
			sourceTree = "<group>";
		};
/* End PBXVariantGroup section */

/* Begin XCBuildConfiguration section */
		97A92E222387ED620051C1ED /* Debug */ = {
			isa = XCBuildConfiguration;
			buildSettings = {
				ALWAYS_SEARCH_USER_PATHS = NO;
				CLANG_ANALYZER_NONNULL = YES;
				CLANG_ANALYZER_NUMBER_OBJECT_CONVERSION = YES_AGGRESSIVE;
				CLANG_CXX_LANGUAGE_STANDARD = "gnu++14";
				CLANG_CXX_LIBRARY = "libc++";
				CLANG_ENABLE_MODULES = YES;
				CLANG_ENABLE_OBJC_ARC = YES;
				CLANG_ENABLE_OBJC_WEAK = YES;
				CLANG_WARN_BLOCK_CAPTURE_AUTORELEASING = YES;
				CLANG_WARN_BOOL_CONVERSION = YES;
				CLANG_WARN_COMMA = YES;
				CLANG_WARN_CONSTANT_CONVERSION = YES;
				CLANG_WARN_DEPRECATED_OBJC_IMPLEMENTATIONS = YES;
				CLANG_WARN_DIRECT_OBJC_ISA_USAGE = YES_ERROR;
				CLANG_WARN_DOCUMENTATION_COMMENTS = YES;
				CLANG_WARN_EMPTY_BODY = YES;
				CLANG_WARN_ENUM_CONVERSION = YES;
				CLANG_WARN_INFINITE_RECURSION = YES;
				CLANG_WARN_INT_CONVERSION = YES;
				CLANG_WARN_NON_LITERAL_NULL_CONVERSION = YES;
				CLANG_WARN_OBJC_IMPLICIT_RETAIN_SELF = YES;
				CLANG_WARN_OBJC_LITERAL_CONVERSION = YES;
				CLANG_WARN_OBJC_ROOT_CLASS = YES_ERROR;
				CLANG_WARN_RANGE_LOOP_ANALYSIS = YES;
				CLANG_WARN_STRICT_PROTOTYPES = YES;
				CLANG_WARN_SUSPICIOUS_MOVE = YES;
				CLANG_WARN_UNGUARDED_AVAILABILITY = YES_AGGRESSIVE;
				CLANG_WARN_UNREACHABLE_CODE = YES;
				CLANG_WARN__DUPLICATE_METHOD_MATCH = YES;
				COPY_PHASE_STRIP = NO;
				DEBUG_INFORMATION_FORMAT = dwarf;
				ENABLE_STRICT_OBJC_MSGSEND = YES;
				ENABLE_TESTABILITY = YES;
				GCC_C_LANGUAGE_STANDARD = gnu11;
				GCC_DYNAMIC_NO_PIC = NO;
				GCC_NO_COMMON_BLOCKS = YES;
				GCC_OPTIMIZATION_LEVEL = 0;
				GCC_PREPROCESSOR_DEFINITIONS = (
					"DEBUG=1",
					"$(inherited)",
				);
				GCC_WARN_64_TO_32_BIT_CONVERSION = YES;
				GCC_WARN_ABOUT_RETURN_TYPE = YES_ERROR;
				GCC_WARN_UNDECLARED_SELECTOR = YES;
				GCC_WARN_UNINITIALIZED_AUTOS = YES_AGGRESSIVE;
				GCC_WARN_UNUSED_FUNCTION = YES;
				GCC_WARN_UNUSED_VARIABLE = YES;
				IPHONEOS_DEPLOYMENT_TARGET = 13.2;
				MTL_ENABLE_DEBUG_INFO = INCLUDE_SOURCE;
				MTL_FAST_MATH = YES;
				ONLY_ACTIVE_ARCH = YES;
				SDKROOT = iphoneos;
				SWIFT_ACTIVE_COMPILATION_CONDITIONS = DEBUG;
				SWIFT_OPTIMIZATION_LEVEL = "-Onone";
			};
			name = Debug;
		};
		97A92E232387ED620051C1ED /* Release */ = {
			isa = XCBuildConfiguration;
			buildSettings = {
				ALWAYS_SEARCH_USER_PATHS = NO;
				CLANG_ANALYZER_NONNULL = YES;
				CLANG_ANALYZER_NUMBER_OBJECT_CONVERSION = YES_AGGRESSIVE;
				CLANG_CXX_LANGUAGE_STANDARD = "gnu++14";
				CLANG_CXX_LIBRARY = "libc++";
				CLANG_ENABLE_MODULES = YES;
				CLANG_ENABLE_OBJC_ARC = YES;
				CLANG_ENABLE_OBJC_WEAK = YES;
				CLANG_WARN_BLOCK_CAPTURE_AUTORELEASING = YES;
				CLANG_WARN_BOOL_CONVERSION = YES;
				CLANG_WARN_COMMA = YES;
				CLANG_WARN_CONSTANT_CONVERSION = YES;
				CLANG_WARN_DEPRECATED_OBJC_IMPLEMENTATIONS = YES;
				CLANG_WARN_DIRECT_OBJC_ISA_USAGE = YES_ERROR;
				CLANG_WARN_DOCUMENTATION_COMMENTS = YES;
				CLANG_WARN_EMPTY_BODY = YES;
				CLANG_WARN_ENUM_CONVERSION = YES;
				CLANG_WARN_INFINITE_RECURSION = YES;
				CLANG_WARN_INT_CONVERSION = YES;
				CLANG_WARN_NON_LITERAL_NULL_CONVERSION = YES;
				CLANG_WARN_OBJC_IMPLICIT_RETAIN_SELF = YES;
				CLANG_WARN_OBJC_LITERAL_CONVERSION = YES;
				CLANG_WARN_OBJC_ROOT_CLASS = YES_ERROR;
				CLANG_WARN_RANGE_LOOP_ANALYSIS = YES;
				CLANG_WARN_STRICT_PROTOTYPES = YES;
				CLANG_WARN_SUSPICIOUS_MOVE = YES;
				CLANG_WARN_UNGUARDED_AVAILABILITY = YES_AGGRESSIVE;
				CLANG_WARN_UNREACHABLE_CODE = YES;
				CLANG_WARN__DUPLICATE_METHOD_MATCH = YES;
				COPY_PHASE_STRIP = NO;
				DEBUG_INFORMATION_FORMAT = "dwarf-with-dsym";
				ENABLE_NS_ASSERTIONS = NO;
				ENABLE_STRICT_OBJC_MSGSEND = YES;
				GCC_C_LANGUAGE_STANDARD = gnu11;
				GCC_NO_COMMON_BLOCKS = YES;
				GCC_WARN_64_TO_32_BIT_CONVERSION = YES;
				GCC_WARN_ABOUT_RETURN_TYPE = YES_ERROR;
				GCC_WARN_UNDECLARED_SELECTOR = YES;
				GCC_WARN_UNINITIALIZED_AUTOS = YES_AGGRESSIVE;
				GCC_WARN_UNUSED_FUNCTION = YES;
				GCC_WARN_UNUSED_VARIABLE = YES;
				IPHONEOS_DEPLOYMENT_TARGET = 13.2;
				MTL_ENABLE_DEBUG_INFO = NO;
				MTL_FAST_MATH = YES;
				SDKROOT = iphoneos;
				SWIFT_COMPILATION_MODE = wholemodule;
				SWIFT_OPTIMIZATION_LEVEL = "-O";
				VALIDATE_PRODUCT = YES;
			};
			name = Release;
		};
		97A92E252387ED620051C1ED /* Debug */ = {
			isa = XCBuildConfiguration;
			buildSettings = {
				ASSETCATALOG_COMPILER_APPICON_NAME = AppIcon;
				CODE_SIGN_STYLE = Automatic;
				DEVELOPMENT_TEAM = 36DYQ3B3G4;
				INFOPLIST_FILE = KSDeviceAuthentication/Info.plist;
				IPHONEOS_DEPLOYMENT_TARGET = 11.0;
				LD_RUNPATH_SEARCH_PATHS = (
					"$(inherited)",
					"@executable_path/Frameworks",
				);
				PRODUCT_BUNDLE_IDENTIFIER = com.ked27.KSDeviceAuthentication;
				PRODUCT_NAME = "$(TARGET_NAME)";
				SWIFT_VERSION = 5.0;
				TARGETED_DEVICE_FAMILY = "1,2";
			};
			name = Debug;
		};
		97A92E262387ED620051C1ED /* Release */ = {
			isa = XCBuildConfiguration;
			buildSettings = {
				ASSETCATALOG_COMPILER_APPICON_NAME = AppIcon;
				CODE_SIGN_STYLE = Automatic;
				DEVELOPMENT_TEAM = 36DYQ3B3G4;
				INFOPLIST_FILE = KSDeviceAuthentication/Info.plist;
				IPHONEOS_DEPLOYMENT_TARGET = 11.0;
				LD_RUNPATH_SEARCH_PATHS = (
					"$(inherited)",
					"@executable_path/Frameworks",
				);
				PRODUCT_BUNDLE_IDENTIFIER = com.ked27.KSDeviceAuthentication;
				PRODUCT_NAME = "$(TARGET_NAME)";
				SWIFT_VERSION = 5.0;
				TARGETED_DEVICE_FAMILY = "1,2";
			};
			name = Release;
		};
/* End XCBuildConfiguration section */

/* Begin XCConfigurationList section */
		97A92E0B2387ED5D0051C1ED /* Build configuration list for PBXProject "KSDeviceAuthentication" */ = {
			isa = XCConfigurationList;
			buildConfigurations = (
				97A92E222387ED620051C1ED /* Debug */,
				97A92E232387ED620051C1ED /* Release */,
			);
			defaultConfigurationIsVisible = 0;
			defaultConfigurationName = Release;
		};
		97A92E242387ED620051C1ED /* Build configuration list for PBXNativeTarget "KSDeviceAuthentication" */ = {
			isa = XCConfigurationList;
			buildConfigurations = (
				97A92E252387ED620051C1ED /* Debug */,
				97A92E262387ED620051C1ED /* Release */,
			);
			defaultConfigurationIsVisible = 0;
			defaultConfigurationName = Release;
		};
/* End XCConfigurationList section */
	};
	rootObject = 97A92E082387ED5D0051C1ED /* Project object */;
}
